// !$*UTF8*$!
{
	archiveVersion = 1;
	classes = {
	};
	objectVersion = 48;
	objects = {

/* Begin PBXBuildFile section */
		C606C75820287EB600F52B10 /* AppDelegate.swift in Sources */ = {isa = PBXBuildFile; fileRef = C606C75720287EB600F52B10 /* AppDelegate.swift */; };
		C606C75A20287EB600F52B10 /* art.scnassets in Resources */ = {isa = PBXBuildFile; fileRef = C606C75920287EB600F52B10 /* art.scnassets */; };
		C606C75C20287EB600F52B10 /* ViewController.swift in Sources */ = {isa = PBXBuildFile; fileRef = C606C75B20287EB600F52B10 /* ViewController.swift */; };
		C606C75F20287EB600F52B10 /* Main.storyboard in Resources */ = {isa = PBXBuildFile; fileRef = C606C75D20287EB600F52B10 /* Main.storyboard */; };
		C606C76120287EB600F52B10 /* Assets.xcassets in Resources */ = {isa = PBXBuildFile; fileRef = C606C76020287EB600F52B10 /* Assets.xcassets */; };
		C606C76420287EB600F52B10 /* LaunchScreen.storyboard in Resources */ = {isa = PBXBuildFile; fileRef = C606C76220287EB600F52B10 /* LaunchScreen.storyboard */; };
/* End PBXBuildFile section */

/* Begin PBXFileReference section */
		C606C75420287EB600F52B10 /* RadAR.app */ = {isa = PBXFileReference; explicitFileType = wrapper.application; includeInIndex = 0; path = RadAR.app; sourceTree = BUILT_PRODUCTS_DIR; };
		C606C75720287EB600F52B10 /* AppDelegate.swift */ = {isa = PBXFileReference; lastKnownFileType = sourcecode.swift; path = AppDelegate.swift; sourceTree = "<group>"; };
		C606C75920287EB600F52B10 /* art.scnassets */ = {isa = PBXFileReference; lastKnownFileType = wrapper.scnassets; path = art.scnassets; sourceTree = "<group>"; };
		C606C75B20287EB600F52B10 /* ViewController.swift */ = {isa = PBXFileReference; lastKnownFileType = sourcecode.swift; path = ViewController.swift; sourceTree = "<group>"; };
		C606C75E20287EB600F52B10 /* Base */ = {isa = PBXFileReference; lastKnownFileType = file.storyboard; name = Base; path = Base.lproj/Main.storyboard; sourceTree = "<group>"; };
		C606C76020287EB600F52B10 /* Assets.xcassets */ = {isa = PBXFileReference; lastKnownFileType = folder.assetcatalog; path = Assets.xcassets; sourceTree = "<group>"; };
		C606C76320287EB600F52B10 /* Base */ = {isa = PBXFileReference; lastKnownFileType = file.storyboard; name = Base; path = Base.lproj/LaunchScreen.storyboard; sourceTree = "<group>"; };
		C606C76520287EB600F52B10 /* Info.plist */ = {isa = PBXFileReference; lastKnownFileType = text.plist.xml; path = Info.plist; sourceTree = "<group>"; };
/* End PBXFileReference section */

/* Begin PBXFrameworksBuildPhase section */
		C606C75120287EB600F52B10 /* Frameworks */ = {
			isa = PBXFrameworksBuildPhase;
			buildActionMask = 2147483647;
			files = (
			);
			runOnlyForDeploymentPostprocessing = 0;
		};
/* End PBXFrameworksBuildPhase section */

/* Begin PBXGroup section */
		C606C74B20287EB600F52B10 = {
			isa = PBXGroup;
			children = (
				C606C75620287EB600F52B10 /* RadAR */,
				C606C75520287EB600F52B10 /* Products */,
			);
			sourceTree = "<group>";
		};
		C606C75520287EB600F52B10 /* Products */ = {
			isa = PBXGroup;
			children = (
				C606C75420287EB600F52B10 /* RadAR.app */,
			);
			name = Products;
			sourceTree = "<group>";
		};
		C606C75620287EB600F52B10 /* RadAR */ = {
			isa = PBXGroup;
			children = (
				C606C75720287EB600F52B10 /* AppDelegate.swift */,
				C606C75920287EB600F52B10 /* art.scnassets */,
				C606C75B20287EB600F52B10 /* ViewController.swift */,
				C606C75D20287EB600F52B10 /* Main.storyboard */,
				C606C76020287EB600F52B10 /* Assets.xcassets */,
				C606C76220287EB600F52B10 /* LaunchScreen.storyboard */,
				C606C76520287EB600F52B10 /* Info.plist */,
			);
			path = RadAR;
			sourceTree = "<group>";
		};
/* End PBXGroup section */

/* Begin PBXNativeTarget section */
		C606C75320287EB600F52B10 /* RadAR */ = {
			isa = PBXNativeTarget;
			buildConfigurationList = C606C76820287EB600F52B10 /* Build configuration list for PBXNativeTarget "RadAR" */;
			buildPhases = (
				C606C75020287EB600F52B10 /* Sources */,
				C606C75120287EB600F52B10 /* Frameworks */,
				C606C75220287EB600F52B10 /* Resources */,
			);
			buildRules = (
			);
			dependencies = (
			);
			name = RadAR;
			productName = RadAR;
			productReference = C606C75420287EB600F52B10 /* RadAR.app */;
			productType = "com.apple.product-type.application";
		};
/* End PBXNativeTarget section */

/* Begin PBXProject section */
		C606C74C20287EB600F52B10 /* Project object */ = {
			isa = PBXProject;
			attributes = {
				LastSwiftUpdateCheck = 0920;
				LastUpgradeCheck = 0920;
				ORGANIZATIONNAME = RadAR;
				TargetAttributes = {
					C606C75320287EB600F52B10 = {
						CreatedOnToolsVersion = 9.2;
						ProvisioningStyle = Automatic;
					};
				};
			};
			buildConfigurationList = C606C74F20287EB600F52B10 /* Build configuration list for PBXProject "RadAR" */;
			compatibilityVersion = "Xcode 8.0";
			developmentRegion = en;
			hasScannedForEncodings = 0;
			knownRegions = (
				en,
				Base,
			);
			mainGroup = C606C74B20287EB600F52B10;
			productRefGroup = C606C75520287EB600F52B10 /* Products */;
			projectDirPath = "";
			projectRoot = "";
			targets = (
				C606C75320287EB600F52B10 /* RadAR */,
			);
		};
/* End PBXProject section */

/* Begin PBXResourcesBuildPhase section */
		C606C75220287EB600F52B10 /* Resources */ = {
			isa = PBXResourcesBuildPhase;
			buildActionMask = 2147483647;
			files = (
				C606C75A20287EB600F52B10 /* art.scnassets in Resources */,
				C606C76420287EB600F52B10 /* LaunchScreen.storyboard in Resources */,
				C606C76120287EB600F52B10 /* Assets.xcassets in Resources */,
				C606C75F20287EB600F52B10 /* Main.storyboard in Resources */,
			);
			runOnlyForDeploymentPostprocessing = 0;
		};
/* End PBXResourcesBuildPhase section */

/* Begin PBXSourcesBuildPhase section */
		C606C75020287EB600F52B10 /* Sources */ = {
			isa = PBXSourcesBuildPhase;
			buildActionMask = 2147483647;
			files = (
				C606C75C20287EB600F52B10 /* ViewController.swift in Sources */,
				C606C75820287EB600F52B10 /* AppDelegate.swift in Sources */,
			);
			runOnlyForDeploymentPostprocessing = 0;
		};
/* End PBXSourcesBuildPhase section */

/* Begin PBXVariantGroup section */
		C606C75D20287EB600F52B10 /* Main.storyboard */ = {
			isa = PBXVariantGroup;
			children = (
				C606C75E20287EB600F52B10 /* Base */,
			);
			name = Main.storyboard;
			sourceTree = "<group>";
		};
		C606C76220287EB600F52B10 /* LaunchScreen.storyboard */ = {
			isa = PBXVariantGroup;
			children = (
				C606C76320287EB600F52B10 /* Base */,
			);
			name = LaunchScreen.storyboard;
			sourceTree = "<group>";
		};
/* End PBXVariantGroup section */

/* Begin XCBuildConfiguration section */
		C606C76620287EB600F52B10 /* Debug */ = {
			isa = XCBuildConfiguration;
			buildSettings = {
				ALWAYS_SEARCH_USER_PATHS = NO;
				CLANG_ANALYZER_NONNULL = YES;
				CLANG_ANALYZER_NUMBER_OBJECT_CONVERSION = YES_AGGRESSIVE;
				CLANG_CXX_LANGUAGE_STANDARD = "gnu++14";
				CLANG_CXX_LIBRARY = "libc++";
				CLANG_ENABLE_MODULES = YES;
				CLANG_ENABLE_OBJC_ARC = YES;
				CLANG_WARN_BLOCK_CAPTURE_AUTORELEASING = YES;
				CLANG_WARN_BOOL_CONVERSION = YES;
				CLANG_WARN_COMMA = YES;
				CLANG_WARN_CONSTANT_CONVERSION = YES;
				CLANG_WARN_DIRECT_OBJC_ISA_USAGE = YES_ERROR;
				CLANG_WARN_DOCUMENTATION_COMMENTS = YES;
				CLANG_WARN_EMPTY_BODY = YES;
				CLANG_WARN_ENUM_CONVERSION = YES;
				CLANG_WARN_INFINITE_RECURSION = YES;
				CLANG_WARN_INT_CONVERSION = YES;
				CLANG_WARN_NON_LITERAL_NULL_CONVERSION = YES;
				CLANG_WARN_OBJC_LITERAL_CONVERSION = YES;
				CLANG_WARN_OBJC_ROOT_CLASS = YES_ERROR;
				CLANG_WARN_RANGE_LOOP_ANALYSIS = YES;
				CLANG_WARN_STRICT_PROTOTYPES = YES;
				CLANG_WARN_SUSPICIOUS_MOVE = YES;
				CLANG_WARN_UNGUARDED_AVAILABILITY = YES_AGGRESSIVE;
				CLANG_WARN_UNREACHABLE_CODE = YES;
				CLANG_WARN__DUPLICATE_METHOD_MATCH = YES;
				CODE_SIGN_IDENTITY = "iPhone Developer";
				COPY_PHASE_STRIP = NO;
				DEBUG_INFORMATION_FORMAT = dwarf;
				ENABLE_STRICT_OBJC_MSGSEND = YES;
				ENABLE_TESTABILITY = YES;
				GCC_C_LANGUAGE_STANDARD = gnu11;
				GCC_DYNAMIC_NO_PIC = NO;
				GCC_NO_COMMON_BLOCKS = YES;
				GCC_OPTIMIZATION_LEVEL = 0;
				GCC_PREPROCESSOR_DEFINITIONS = (
					"DEBUG=1",
					"$(inherited)",
				);
				GCC_WARN_64_TO_32_BIT_CONVERSION = YES;
				GCC_WARN_ABOUT_RETURN_TYPE = YES_ERROR;
				GCC_WARN_UNDECLARED_SELECTOR = YES;
				GCC_WARN_UNINITIALIZED_AUTOS = YES_AGGRESSIVE;
				GCC_WARN_UNUSED_FUNCTION = YES;
				GCC_WARN_UNUSED_VARIABLE = YES;
				IPHONEOS_DEPLOYMENT_TARGET = 11.2;
				MTL_ENABLE_DEBUG_INFO = YES;
				ONLY_ACTIVE_ARCH = YES;
				SDKROOT = iphoneos;
				SWIFT_ACTIVE_COMPILATION_CONDITIONS = DEBUG;
				SWIFT_OPTIMIZATION_LEVEL = "-Onone";
			};
			name = Debug;
		};
		C606C76720287EB600F52B10 /* Release */ = {
			isa = XCBuildConfiguration;
			buildSettings = {
				ALWAYS_SEARCH_USER_PATHS = NO;
				CLANG_ANALYZER_NONNULL = YES;
				CLANG_ANALYZER_NUMBER_OBJECT_CONVERSION = YES_AGGRESSIVE;
				CLANG_CXX_LANGUAGE_STANDARD = "gnu++14";
				CLANG_CXX_LIBRARY = "libc++";
				CLANG_ENABLE_MODULES = YES;
				CLANG_ENABLE_OBJC_ARC = YES;
				CLANG_WARN_BLOCK_CAPTURE_AUTORELEASING = YES;
				CLANG_WARN_BOOL_CONVERSION = YES;
				CLANG_WARN_COMMA = YES;
				CLANG_WARN_CONSTANT_CONVERSION = YES;
				CLANG_WARN_DIRECT_OBJC_ISA_USAGE = YES_ERROR;
				CLANG_WARN_DOCUMENTATION_COMMENTS = YES;
				CLANG_WARN_EMPTY_BODY = YES;
				CLANG_WARN_ENUM_CONVERSION = YES;
				CLANG_WARN_INFINITE_RECURSION = YES;
				CLANG_WARN_INT_CONVERSION = YES;
				CLANG_WARN_NON_LITERAL_NULL_CONVERSION = YES;
				CLANG_WARN_OBJC_LITERAL_CONVERSION = YES;
				CLANG_WARN_OBJC_ROOT_CLASS = YES_ERROR;
				CLANG_WARN_RANGE_LOOP_ANALYSIS = YES;
				CLANG_WARN_STRICT_PROTOTYPES = YES;
				CLANG_WARN_SUSPICIOUS_MOVE = YES;
				CLANG_WARN_UNGUARDED_AVAILABILITY = YES_AGGRESSIVE;
				CLANG_WARN_UNREACHABLE_CODE = YES;
				CLANG_WARN__DUPLICATE_METHOD_MATCH = YES;
				CODE_SIGN_IDENTITY = "iPhone Developer";
				COPY_PHASE_STRIP = NO;
				DEBUG_INFORMATION_FORMAT = "dwarf-with-dsym";
				ENABLE_NS_ASSERTIONS = NO;
				ENABLE_STRICT_OBJC_MSGSEND = YES;
				GCC_C_LANGUAGE_STANDARD = gnu11;
				GCC_NO_COMMON_BLOCKS = YES;
				GCC_WARN_64_TO_32_BIT_CONVERSION = YES;
				GCC_WARN_ABOUT_RETURN_TYPE = YES_ERROR;
				GCC_WARN_UNDECLARED_SELECTOR = YES;
				GCC_WARN_UNINITIALIZED_AUTOS = YES_AGGRESSIVE;
				GCC_WARN_UNUSED_FUNCTION = YES;
				GCC_WARN_UNUSED_VARIABLE = YES;
				IPHONEOS_DEPLOYMENT_TARGET = 11.2;
				MTL_ENABLE_DEBUG_INFO = NO;
				SDKROOT = iphoneos;
				SWIFT_OPTIMIZATION_LEVEL = "-Owholemodule";
				VALIDATE_PRODUCT = YES;
			};
			name = Release;
		};
		C606C76920287EB600F52B10 /* Debug */ = {
			isa = XCBuildConfiguration;
			buildSettings = {
				ASSETCATALOG_COMPILER_APPICON_NAME = AppIcon;
				CODE_SIGN_STYLE = Automatic;
				DEVELOPMENT_TEAM = 7PWN64Q93H;
				INFOPLIST_FILE = RadAR/Info.plist;
				LD_RUNPATH_SEARCH_PATHS = "$(inherited) @executable_path/Frameworks";
				PRODUCT_BUNDLE_IDENTIFIER = se.kth.id2216.radar.RadAR;
				PRODUCT_NAME = "$(TARGET_NAME)";
				SWIFT_VERSION = 4.0;
				TARGETED_DEVICE_FAMILY = "1,2";
			};
			name = Debug;
		};
		C606C76A20287EB600F52B10 /* Release */ = {
			isa = XCBuildConfiguration;
			buildSettings = {
				ASSETCATALOG_COMPILER_APPICON_NAME = AppIcon;
				CODE_SIGN_STYLE = Automatic;
				DEVELOPMENT_TEAM = 7PWN64Q93H;
				INFOPLIST_FILE = RadAR/Info.plist;
				LD_RUNPATH_SEARCH_PATHS = "$(inherited) @executable_path/Frameworks";
				PRODUCT_BUNDLE_IDENTIFIER = se.kth.id2216.radar.RadAR;
				PRODUCT_NAME = "$(TARGET_NAME)";
				SWIFT_VERSION = 4.0;
				TARGETED_DEVICE_FAMILY = "1,2";
			};
			name = Release;
		};
/* End XCBuildConfiguration section */

/* Begin XCConfigurationList section */
		C606C74F20287EB600F52B10 /* Build configuration list for PBXProject "RadAR" */ = {
			isa = XCConfigurationList;
			buildConfigurations = (
				C606C76620287EB600F52B10 /* Debug */,
				C606C76720287EB600F52B10 /* Release */,
			);
			defaultConfigurationIsVisible = 0;
			defaultConfigurationName = Release;
		};
		C606C76820287EB600F52B10 /* Build configuration list for PBXNativeTarget "RadAR" */ = {
			isa = XCConfigurationList;
			buildConfigurations = (
				C606C76920287EB600F52B10 /* Debug */,
				C606C76A20287EB600F52B10 /* Release */,
			);
			defaultConfigurationIsVisible = 0;
			defaultConfigurationName = Release;
		};
/* End XCConfigurationList section */
	};
	rootObject = C606C74C20287EB600F52B10 /* Project object */;
}
